
Microsoft Visual Studio Solution File, Format Version 12.00
# Visual Studio Version 17
VisualStudioVersion = 17.3.32929.385
MinimumVisualStudioVersion = 10.0.40219.1
Project("{FAE04EC0-301F-11D3-BF4B-00C04F79EFBC}") = "MvcMovie_Kaluta", "MvcMovie_Kaluta.csproj", "{0B0FCD95-9005-43CE-89F2-D9F47E86C049}"
EndProject
Global
	GlobalSection(SolutionConfigurationPlatforms) = preSolution
		Debug|Any CPU = Debug|Any CPU
		Release|Any CPU = Release|Any CPU
	EndGlobalSection
	GlobalSection(ProjectConfigurationPlatforms) = postSolution
		{0B0FCD95-9005-43CE-89F2-D9F47E86C049}.Debug|Any CPU.ActiveCfg = Debug|Any CPU
		{0B0FCD95-9005-43CE-89F2-D9F47E86C049}.Debug|Any CPU.Build.0 = Debug|Any CPU
		{0B0FCD95-9005-43CE-89F2-D9F47E86C049}.Release|Any CPU.ActiveCfg = Release|Any CPU
		{0B0FCD95-9005-43CE-89F2-D9F47E86C049}.Release|Any CPU.Build.0 = Release|Any CPU
	EndGlobalSection
	GlobalSection(SolutionProperties) = preSolution
		HideSolutionNode = FALSE
	EndGlobalSection
	GlobalSection(ExtensibilityGlobals) = postSolution
		SolutionGuid = {D0357ABC-04BD-48E8-B8F1-53D79BA0649B}
	EndGlobalSection
EndGlobal
